// !$*UTF8*$!
{
	archiveVersion = 1;
	classes = {
	};
	objectVersion = 55;
	objects = {

/* Begin PBXBuildFile section */
		3F5FB6AB27F48001001993EB /* AppDelegate.swift in Sources */ = {isa = PBXBuildFile; fileRef = 3F5FB6AA27F48001001993EB /* AppDelegate.swift */; };
		3F5FB6AD27F48001001993EB /* SceneDelegate.swift in Sources */ = {isa = PBXBuildFile; fileRef = 3F5FB6AC27F48001001993EB /* SceneDelegate.swift */; };
		3F5FB6AF27F48001001993EB /* HomeViewController.swift in Sources */ = {isa = PBXBuildFile; fileRef = 3F5FB6AE27F48001001993EB /* HomeViewController.swift */; };
		3F5FB6B427F48002001993EB /* Assets.xcassets in Resources */ = {isa = PBXBuildFile; fileRef = 3F5FB6B327F48002001993EB /* Assets.xcassets */; };
		3F5FB6B727F48002001993EB /* LaunchScreen.storyboard in Resources */ = {isa = PBXBuildFile; fileRef = 3F5FB6B527F48002001993EB /* LaunchScreen.storyboard */; };
		3F5FB6C527F481F1001993EB /* ProfileViewController.swift in Sources */ = {isa = PBXBuildFile; fileRef = 3F5FB6C427F481F1001993EB /* ProfileViewController.swift */; };
		3F5FB6C727F48210001993EB /* TabBarViewController.swift in Sources */ = {isa = PBXBuildFile; fileRef = 3F5FB6C627F48210001993EB /* TabBarViewController.swift */; };
		3F5FB6C927F4821B001993EB /* SignInViewController.swift in Sources */ = {isa = PBXBuildFile; fileRef = 3F5FB6C827F4821B001993EB /* SignInViewController.swift */; };
		3F5FB6CB27F48222001993EB /* SignUpViewController.swift in Sources */ = {isa = PBXBuildFile; fileRef = 3F5FB6CA27F48222001993EB /* SignUpViewController.swift */; };
		3F5FB6CD27F4822F001993EB /* PostViewController.swift in Sources */ = {isa = PBXBuildFile; fileRef = 3F5FB6CC27F4822F001993EB /* PostViewController.swift */; };
		3F5FB6CF27F48235001993EB /* ViewPostViewController.swift in Sources */ = {isa = PBXBuildFile; fileRef = 3F5FB6CE27F48235001993EB /* ViewPostViewController.swift */; };
		3F5FB6D127F48248001993EB /* CreateNewPostViewController.swift in Sources */ = {isa = PBXBuildFile; fileRef = 3F5FB6D027F48248001993EB /* CreateNewPostViewController.swift */; };
		3F5FB6D527F4826C001993EB /* DataBase.swift in Sources */ = {isa = PBXBuildFile; fileRef = 3F5FB6D427F4826C001993EB /* DataBase.swift */; };
		3F5FB6D727F48277001993EB /* AuthManager.swift in Sources */ = {isa = PBXBuildFile; fileRef = 3F5FB6D627F48277001993EB /* AuthManager.swift */; };
		3F5FB6D927F48280001993EB /* StorageManager.swift in Sources */ = {isa = PBXBuildFile; fileRef = 3F5FB6D827F48280001993EB /* StorageManager.swift */; };
		3F5FB6DE27F48AC1001993EB /* GoogleService-Info.plist in Resources */ = {isa = PBXBuildFile; fileRef = 3F5FB6DD27F48AC1001993EB /* GoogleService-Info.plist */; };
		3F5FB6E027F48ED0001993EB /* User.swift in Sources */ = {isa = PBXBuildFile; fileRef = 3F5FB6DF27F48ED0001993EB /* User.swift */; };
		3F5FB6E227F48EDA001993EB /* BlogPost.swift in Sources */ = {isa = PBXBuildFile; fileRef = 3F5FB6E127F48EDA001993EB /* BlogPost.swift */; };
		3FB4F04727F6AD8600B08651 /* SignInHeaderView.swift in Sources */ = {isa = PBXBuildFile; fileRef = 3FB4F04627F6AD8600B08651 /* SignInHeaderView.swift */; };
		AADA01B9F57101ACBC4F4250 /* Pods_BlogApp.framework in Frameworks */ = {isa = PBXBuildFile; fileRef = 964AA219A769B239AF47EE10 /* Pods_BlogApp.framework */; };
/* End PBXBuildFile section */

/* Begin PBXFileReference section */
		3F5FB6A727F48001001993EB /* BlogApp.app */ = {isa = PBXFileReference; explicitFileType = wrapper.application; includeInIndex = 0; path = BlogApp.app; sourceTree = BUILT_PRODUCTS_DIR; };
		3F5FB6AA27F48001001993EB /* AppDelegate.swift */ = {isa = PBXFileReference; lastKnownFileType = sourcecode.swift; path = AppDelegate.swift; sourceTree = "<group>"; };
		3F5FB6AC27F48001001993EB /* SceneDelegate.swift */ = {isa = PBXFileReference; lastKnownFileType = sourcecode.swift; path = SceneDelegate.swift; sourceTree = "<group>"; };
		3F5FB6AE27F48001001993EB /* HomeViewController.swift */ = {isa = PBXFileReference; lastKnownFileType = sourcecode.swift; path = HomeViewController.swift; sourceTree = "<group>"; };
		3F5FB6B327F48002001993EB /* Assets.xcassets */ = {isa = PBXFileReference; lastKnownFileType = folder.assetcatalog; path = Assets.xcassets; sourceTree = "<group>"; };
		3F5FB6B627F48002001993EB /* Base */ = {isa = PBXFileReference; lastKnownFileType = file.storyboard; name = Base; path = Base.lproj/LaunchScreen.storyboard; sourceTree = "<group>"; };
		3F5FB6B827F48002001993EB /* Info.plist */ = {isa = PBXFileReference; lastKnownFileType = text.plist.xml; path = Info.plist; sourceTree = "<group>"; };
		3F5FB6C427F481F1001993EB /* ProfileViewController.swift */ = {isa = PBXFileReference; lastKnownFileType = sourcecode.swift; path = ProfileViewController.swift; sourceTree = "<group>"; };
		3F5FB6C627F48210001993EB /* TabBarViewController.swift */ = {isa = PBXFileReference; lastKnownFileType = sourcecode.swift; path = TabBarViewController.swift; sourceTree = "<group>"; };
		3F5FB6C827F4821B001993EB /* SignInViewController.swift */ = {isa = PBXFileReference; lastKnownFileType = sourcecode.swift; path = SignInViewController.swift; sourceTree = "<group>"; };
		3F5FB6CA27F48222001993EB /* SignUpViewController.swift */ = {isa = PBXFileReference; lastKnownFileType = sourcecode.swift; path = SignUpViewController.swift; sourceTree = "<group>"; };
		3F5FB6CC27F4822F001993EB /* PostViewController.swift */ = {isa = PBXFileReference; lastKnownFileType = sourcecode.swift; path = PostViewController.swift; sourceTree = "<group>"; };
		3F5FB6CE27F48235001993EB /* ViewPostViewController.swift */ = {isa = PBXFileReference; lastKnownFileType = sourcecode.swift; path = ViewPostViewController.swift; sourceTree = "<group>"; };
		3F5FB6D027F48248001993EB /* CreateNewPostViewController.swift */ = {isa = PBXFileReference; lastKnownFileType = sourcecode.swift; path = CreateNewPostViewController.swift; sourceTree = "<group>"; };
		3F5FB6D427F4826C001993EB /* DataBase.swift */ = {isa = PBXFileReference; lastKnownFileType = sourcecode.swift; path = DataBase.swift; sourceTree = "<group>"; };
		3F5FB6D627F48277001993EB /* AuthManager.swift */ = {isa = PBXFileReference; lastKnownFileType = sourcecode.swift; path = AuthManager.swift; sourceTree = "<group>"; };
		3F5FB6D827F48280001993EB /* StorageManager.swift */ = {isa = PBXFileReference; lastKnownFileType = sourcecode.swift; path = StorageManager.swift; sourceTree = "<group>"; };
		3F5FB6DD27F48AC1001993EB /* GoogleService-Info.plist */ = {isa = PBXFileReference; lastKnownFileType = text.plist; path = "GoogleService-Info.plist"; sourceTree = SOURCE_ROOT; };
		3F5FB6DF27F48ED0001993EB /* User.swift */ = {isa = PBXFileReference; lastKnownFileType = sourcecode.swift; path = User.swift; sourceTree = "<group>"; };
		3F5FB6E127F48EDA001993EB /* BlogPost.swift */ = {isa = PBXFileReference; lastKnownFileType = sourcecode.swift; path = BlogPost.swift; sourceTree = "<group>"; };
		3FB4F04627F6AD8600B08651 /* SignInHeaderView.swift */ = {isa = PBXFileReference; lastKnownFileType = sourcecode.swift; path = SignInHeaderView.swift; sourceTree = "<group>"; };
		964AA219A769B239AF47EE10 /* Pods_BlogApp.framework */ = {isa = PBXFileReference; explicitFileType = wrapper.framework; includeInIndex = 0; path = Pods_BlogApp.framework; sourceTree = BUILT_PRODUCTS_DIR; };
		B1DD7B2143C47383D934D01C /* Pods-BlogApp.release.xcconfig */ = {isa = PBXFileReference; includeInIndex = 1; lastKnownFileType = text.xcconfig; name = "Pods-BlogApp.release.xcconfig"; path = "Target Support Files/Pods-BlogApp/Pods-BlogApp.release.xcconfig"; sourceTree = "<group>"; };
		FF29FEB85DD667F7814A092D /* Pods-BlogApp.debug.xcconfig */ = {isa = PBXFileReference; includeInIndex = 1; lastKnownFileType = text.xcconfig; name = "Pods-BlogApp.debug.xcconfig"; path = "Target Support Files/Pods-BlogApp/Pods-BlogApp.debug.xcconfig"; sourceTree = "<group>"; };
/* End PBXFileReference section */

/* Begin PBXFrameworksBuildPhase section */
		3F5FB6A427F48001001993EB /* Frameworks */ = {
			isa = PBXFrameworksBuildPhase;
			buildActionMask = 2147483647;
			files = (
				AADA01B9F57101ACBC4F4250 /* Pods_BlogApp.framework in Frameworks */,
			);
			runOnlyForDeploymentPostprocessing = 0;
		};
/* End PBXFrameworksBuildPhase section */

/* Begin PBXGroup section */
		3F5FB69E27F48001001993EB = {
			isa = PBXGroup;
			children = (
				3F5FB6A927F48001001993EB /* BlogApp */,
				3F5FB6A827F48001001993EB /* Products */,
				AAFBE38F2B85F87DDF47A3E1 /* Pods */,
				65D723698AE727ED6B5D0354 /* Frameworks */,
			);
			sourceTree = "<group>";
		};
		3F5FB6A827F48001001993EB /* Products */ = {
			isa = PBXGroup;
			children = (
				3F5FB6A727F48001001993EB /* BlogApp.app */,
			);
			name = Products;
			sourceTree = "<group>";
		};
		3F5FB6A927F48001001993EB /* BlogApp */ = {
			isa = PBXGroup;
			children = (
				3F5FB6C327F481AE001993EB /* Manager */,
				3F5FB6C027F4815F001993EB /* Model */,
				3F5FB6BF27F4815D001993EB /* View */,
				3F5FB6BE27F4815A001993EB /* Controller */,
				3F5FB6AA27F48001001993EB /* AppDelegate.swift */,
				3F5FB6AC27F48001001993EB /* SceneDelegate.swift */,
				3F5FB6DD27F48AC1001993EB /* GoogleService-Info.plist */,
				3F5FB6B327F48002001993EB /* Assets.xcassets */,
				3F5FB6B827F48002001993EB /* Info.plist */,
			);
			path = BlogApp;
			sourceTree = "<group>";
		};
		3F5FB6BE27F4815A001993EB /* Controller */ = {
			isa = PBXGroup;
			children = (
				3F5FB6DA27F483F3001993EB /* Core Tabs */,
				3F5FB6DB27F4842B001993EB /* Auth */,
				3F5FB6DC27F48435001993EB /* Posts */,
			);
			path = Controller;
			sourceTree = "<group>";
		};
		3F5FB6BF27F4815D001993EB /* View */ = {
			isa = PBXGroup;
			children = (
				3F5FB6B527F48002001993EB /* LaunchScreen.storyboard */,
				3FB4F04627F6AD8600B08651 /* SignInHeaderView.swift */,
			);
			path = View;
			sourceTree = "<group>";
		};
		3F5FB6C027F4815F001993EB /* Model */ = {
			isa = PBXGroup;
			children = (
				3F5FB6DF27F48ED0001993EB /* User.swift */,
				3F5FB6E127F48EDA001993EB /* BlogPost.swift */,
			);
			path = Model;
			sourceTree = "<group>";
		};
		3F5FB6C327F481AE001993EB /* Manager */ = {
			isa = PBXGroup;
			children = (
				3F5FB6D427F4826C001993EB /* DataBase.swift */,
				3F5FB6D627F48277001993EB /* AuthManager.swift */,
				3F5FB6D827F48280001993EB /* StorageManager.swift */,
			);
			path = Manager;
			sourceTree = "<group>";
		};
		3F5FB6DA27F483F3001993EB /* Core Tabs */ = {
			isa = PBXGroup;
			children = (
				3F5FB6C427F481F1001993EB /* ProfileViewController.swift */,
				3F5FB6AE27F48001001993EB /* HomeViewController.swift */,
				3F5FB6C627F48210001993EB /* TabBarViewController.swift */,
			);
			path = "Core Tabs";
			sourceTree = "<group>";
		};
		3F5FB6DB27F4842B001993EB /* Auth */ = {
			isa = PBXGroup;
			children = (
				3F5FB6C827F4821B001993EB /* SignInViewController.swift */,
				3F5FB6CA27F48222001993EB /* SignUpViewController.swift */,
			);
			name = Auth;
			sourceTree = "<group>";
		};
		3F5FB6DC27F48435001993EB /* Posts */ = {
			isa = PBXGroup;
			children = (
				3F5FB6CC27F4822F001993EB /* PostViewController.swift */,
				3F5FB6CE27F48235001993EB /* ViewPostViewController.swift */,
				3F5FB6D027F48248001993EB /* CreateNewPostViewController.swift */,
			);
			path = Posts;
			sourceTree = "<group>";
		};
		65D723698AE727ED6B5D0354 /* Frameworks */ = {
			isa = PBXGroup;
			children = (
				964AA219A769B239AF47EE10 /* Pods_BlogApp.framework */,
			);
			name = Frameworks;
			sourceTree = "<group>";
		};
		AAFBE38F2B85F87DDF47A3E1 /* Pods */ = {
			isa = PBXGroup;
			children = (
				FF29FEB85DD667F7814A092D /* Pods-BlogApp.debug.xcconfig */,
				B1DD7B2143C47383D934D01C /* Pods-BlogApp.release.xcconfig */,
			);
			path = Pods;
			sourceTree = "<group>";
		};
/* End PBXGroup section */

/* Begin PBXNativeTarget section */
		3F5FB6A627F48001001993EB /* BlogApp */ = {
			isa = PBXNativeTarget;
			buildConfigurationList = 3F5FB6BB27F48002001993EB /* Build configuration list for PBXNativeTarget "BlogApp" */;
			buildPhases = (
				707AC6EA80B7FB02F37F4D67 /* [CP] Check Pods Manifest.lock */,
				3F5FB6A327F48001001993EB /* Sources */,
				3F5FB6A427F48001001993EB /* Frameworks */,
				3F5FB6A527F48001001993EB /* Resources */,
				577EDAD98B3EF4201ABB72CC /* [CP] Embed Pods Frameworks */,
			);
			buildRules = (
			);
			dependencies = (
			);
			name = BlogApp;
			productName = BlogApp;
			productReference = 3F5FB6A727F48001001993EB /* BlogApp.app */;
			productType = "com.apple.product-type.application";
		};
/* End PBXNativeTarget section */

/* Begin PBXProject section */
		3F5FB69F27F48001001993EB /* Project object */ = {
			isa = PBXProject;
			attributes = {
				BuildIndependentTargetsInParallel = 1;
				LastSwiftUpdateCheck = 1330;
				LastUpgradeCheck = 1330;
				TargetAttributes = {
					3F5FB6A627F48001001993EB = {
						CreatedOnToolsVersion = 13.3;
					};
				};
			};
			buildConfigurationList = 3F5FB6A227F48001001993EB /* Build configuration list for PBXProject "BlogApp" */;
			compatibilityVersion = "Xcode 13.0";
			developmentRegion = en;
			hasScannedForEncodings = 0;
			knownRegions = (
				en,
				Base,
			);
			mainGroup = 3F5FB69E27F48001001993EB;
			productRefGroup = 3F5FB6A827F48001001993EB /* Products */;
			projectDirPath = "";
			projectRoot = "";
			targets = (
				3F5FB6A627F48001001993EB /* BlogApp */,
			);
		};
/* End PBXProject section */

/* Begin PBXResourcesBuildPhase section */
		3F5FB6A527F48001001993EB /* Resources */ = {
			isa = PBXResourcesBuildPhase;
			buildActionMask = 2147483647;
			files = (
				3F5FB6DE27F48AC1001993EB /* GoogleService-Info.plist in Resources */,
				3F5FB6B727F48002001993EB /* LaunchScreen.storyboard in Resources */,
				3F5FB6B427F48002001993EB /* Assets.xcassets in Resources */,
			);
			runOnlyForDeploymentPostprocessing = 0;
		};
/* End PBXResourcesBuildPhase section */

/* Begin PBXShellScriptBuildPhase section */
		577EDAD98B3EF4201ABB72CC /* [CP] Embed Pods Frameworks */ = {
			isa = PBXShellScriptBuildPhase;
			buildActionMask = 2147483647;
			files = (
			);
			inputFileListPaths = (
				"${PODS_ROOT}/Target Support Files/Pods-BlogApp/Pods-BlogApp-frameworks-${CONFIGURATION}-input-files.xcfilelist",
			);
			name = "[CP] Embed Pods Frameworks";
			outputFileListPaths = (
				"${PODS_ROOT}/Target Support Files/Pods-BlogApp/Pods-BlogApp-frameworks-${CONFIGURATION}-output-files.xcfilelist",
			);
			runOnlyForDeploymentPostprocessing = 0;
			shellPath = /bin/sh;
			shellScript = "\"${PODS_ROOT}/Target Support Files/Pods-BlogApp/Pods-BlogApp-frameworks.sh\"\n";
			showEnvVarsInLog = 0;
		};
		707AC6EA80B7FB02F37F4D67 /* [CP] Check Pods Manifest.lock */ = {
			isa = PBXShellScriptBuildPhase;
			buildActionMask = 2147483647;
			files = (
			);
			inputFileListPaths = (
			);
			inputPaths = (
				"${PODS_PODFILE_DIR_PATH}/Podfile.lock",
				"${PODS_ROOT}/Manifest.lock",
			);
			name = "[CP] Check Pods Manifest.lock";
			outputFileListPaths = (
			);
			outputPaths = (
				"$(DERIVED_FILE_DIR)/Pods-BlogApp-checkManifestLockResult.txt",
			);
			runOnlyForDeploymentPostprocessing = 0;
			shellPath = /bin/sh;
			shellScript = "diff \"${PODS_PODFILE_DIR_PATH}/Podfile.lock\" \"${PODS_ROOT}/Manifest.lock\" > /dev/null\nif [ $? != 0 ] ; then\n    # print error to STDERR\n    echo \"error: The sandbox is not in sync with the Podfile.lock. Run 'pod install' or update your CocoaPods installation.\" >&2\n    exit 1\nfi\n# This output is used by Xcode 'outputs' to avoid re-running this script phase.\necho \"SUCCESS\" > \"${SCRIPT_OUTPUT_FILE_0}\"\n";
			showEnvVarsInLog = 0;
		};
/* End PBXShellScriptBuildPhase section */

/* Begin PBXSourcesBuildPhase section */
		3F5FB6A327F48001001993EB /* Sources */ = {
			isa = PBXSourcesBuildPhase;
			buildActionMask = 2147483647;
			files = (
				3F5FB6E227F48EDA001993EB /* BlogPost.swift in Sources */,
				3F5FB6CD27F4822F001993EB /* PostViewController.swift in Sources */,
				3F5FB6C927F4821B001993EB /* SignInViewController.swift in Sources */,
				3F5FB6D927F48280001993EB /* StorageManager.swift in Sources */,
				3F5FB6D727F48277001993EB /* AuthManager.swift in Sources */,
				3F5FB6CB27F48222001993EB /* SignUpViewController.swift in Sources */,
				3F5FB6AF27F48001001993EB /* HomeViewController.swift in Sources */,
				3F5FB6E027F48ED0001993EB /* User.swift in Sources */,
				3F5FB6AB27F48001001993EB /* AppDelegate.swift in Sources */,
				3F5FB6CF27F48235001993EB /* ViewPostViewController.swift in Sources */,
				3F5FB6C527F481F1001993EB /* ProfileViewController.swift in Sources */,
				3F5FB6C727F48210001993EB /* TabBarViewController.swift in Sources */,
				3F5FB6AD27F48001001993EB /* SceneDelegate.swift in Sources */,
				3FB4F04727F6AD8600B08651 /* SignInHeaderView.swift in Sources */,
				3F5FB6D527F4826C001993EB /* DataBase.swift in Sources */,
				3F5FB6D127F48248001993EB /* CreateNewPostViewController.swift in Sources */,
			);
			runOnlyForDeploymentPostprocessing = 0;
		};
/* End PBXSourcesBuildPhase section */

/* Begin PBXVariantGroup section */
		3F5FB6B527F48002001993EB /* LaunchScreen.storyboard */ = {
			isa = PBXVariantGroup;
			children = (
				3F5FB6B627F48002001993EB /* Base */,
			);
			name = LaunchScreen.storyboard;
			sourceTree = "<group>";
		};
/* End PBXVariantGroup section */

/* Begin XCBuildConfiguration section */
		3F5FB6B927F48002001993EB /* Debug */ = {
			isa = XCBuildConfiguration;
			buildSettings = {
				ALWAYS_SEARCH_USER_PATHS = NO;
				CLANG_ANALYZER_NONNULL = YES;
				CLANG_ANALYZER_NUMBER_OBJECT_CONVERSION = YES_AGGRESSIVE;
				CLANG_CXX_LANGUAGE_STANDARD = "gnu++17";
				CLANG_ENABLE_MODULES = YES;
				CLANG_ENABLE_OBJC_ARC = YES;
				CLANG_ENABLE_OBJC_WEAK = YES;
				CLANG_WARN_BLOCK_CAPTURE_AUTORELEASING = YES;
				CLANG_WARN_BOOL_CONVERSION = YES;
				CLANG_WARN_COMMA = YES;
				CLANG_WARN_CONSTANT_CONVERSION = YES;
				CLANG_WARN_DEPRECATED_OBJC_IMPLEMENTATIONS = YES;
				CLANG_WARN_DIRECT_OBJC_ISA_USAGE = YES_ERROR;
				CLANG_WARN_DOCUMENTATION_COMMENTS = YES;
				CLANG_WARN_EMPTY_BODY = YES;
				CLANG_WARN_ENUM_CONVERSION = YES;
				CLANG_WARN_INFINITE_RECURSION = YES;
				CLANG_WARN_INT_CONVERSION = YES;
				CLANG_WARN_NON_LITERAL_NULL_CONVERSION = YES;
				CLANG_WARN_OBJC_IMPLICIT_RETAIN_SELF = YES;
				CLANG_WARN_OBJC_LITERAL_CONVERSION = YES;
				CLANG_WARN_OBJC_ROOT_CLASS = YES_ERROR;
				CLANG_WARN_QUOTED_INCLUDE_IN_FRAMEWORK_HEADER = YES;
				CLANG_WARN_RANGE_LOOP_ANALYSIS = YES;
				CLANG_WARN_STRICT_PROTOTYPES = YES;
				CLANG_WARN_SUSPICIOUS_MOVE = YES;
				CLANG_WARN_UNGUARDED_AVAILABILITY = YES_AGGRESSIVE;
				CLANG_WARN_UNREACHABLE_CODE = YES;
				CLANG_WARN__DUPLICATE_METHOD_MATCH = YES;
				COPY_PHASE_STRIP = NO;
				DEBUG_INFORMATION_FORMAT = dwarf;
				ENABLE_STRICT_OBJC_MSGSEND = YES;
				ENABLE_TESTABILITY = YES;
				GCC_C_LANGUAGE_STANDARD = gnu11;
				GCC_DYNAMIC_NO_PIC = NO;
				GCC_NO_COMMON_BLOCKS = YES;
				GCC_OPTIMIZATION_LEVEL = 0;
				GCC_PREPROCESSOR_DEFINITIONS = (
					"DEBUG=1",
					"$(inherited)",
				);
				GCC_WARN_64_TO_32_BIT_CONVERSION = YES;
				GCC_WARN_ABOUT_RETURN_TYPE = YES_ERROR;
				GCC_WARN_UNDECLARED_SELECTOR = YES;
				GCC_WARN_UNINITIALIZED_AUTOS = YES_AGGRESSIVE;
				GCC_WARN_UNUSED_FUNCTION = YES;
				GCC_WARN_UNUSED_VARIABLE = YES;
				IPHONEOS_DEPLOYMENT_TARGET = 15.4;
				MTL_ENABLE_DEBUG_INFO = INCLUDE_SOURCE;
				MTL_FAST_MATH = YES;
				ONLY_ACTIVE_ARCH = YES;
				SDKROOT = iphoneos;
				SWIFT_ACTIVE_COMPILATION_CONDITIONS = DEBUG;
				SWIFT_OPTIMIZATION_LEVEL = "-Onone";
			};
			name = Debug;
		};
		3F5FB6BA27F48002001993EB /* Release */ = {
			isa = XCBuildConfiguration;
			buildSettings = {
				ALWAYS_SEARCH_USER_PATHS = NO;
				CLANG_ANALYZER_NONNULL = YES;
				CLANG_ANALYZER_NUMBER_OBJECT_CONVERSION = YES_AGGRESSIVE;
				CLANG_CXX_LANGUAGE_STANDARD = "gnu++17";
				CLANG_ENABLE_MODULES = YES;
				CLANG_ENABLE_OBJC_ARC = YES;
				CLANG_ENABLE_OBJC_WEAK = YES;
				CLANG_WARN_BLOCK_CAPTURE_AUTORELEASING = YES;
				CLANG_WARN_BOOL_CONVERSION = YES;
				CLANG_WARN_COMMA = YES;
				CLANG_WARN_CONSTANT_CONVERSION = YES;
				CLANG_WARN_DEPRECATED_OBJC_IMPLEMENTATIONS = YES;
				CLANG_WARN_DIRECT_OBJC_ISA_USAGE = YES_ERROR;
				CLANG_WARN_DOCUMENTATION_COMMENTS = YES;
				CLANG_WARN_EMPTY_BODY = YES;
				CLANG_WARN_ENUM_CONVERSION = YES;
				CLANG_WARN_INFINITE_RECURSION = YES;
				CLANG_WARN_INT_CONVERSION = YES;
				CLANG_WARN_NON_LITERAL_NULL_CONVERSION = YES;
				CLANG_WARN_OBJC_IMPLICIT_RETAIN_SELF = YES;
				CLANG_WARN_OBJC_LITERAL_CONVERSION = YES;
				CLANG_WARN_OBJC_ROOT_CLASS = YES_ERROR;
				CLANG_WARN_QUOTED_INCLUDE_IN_FRAMEWORK_HEADER = YES;
				CLANG_WARN_RANGE_LOOP_ANALYSIS = YES;
				CLANG_WARN_STRICT_PROTOTYPES = YES;
				CLANG_WARN_SUSPICIOUS_MOVE = YES;
				CLANG_WARN_UNGUARDED_AVAILABILITY = YES_AGGRESSIVE;
				CLANG_WARN_UNREACHABLE_CODE = YES;
				CLANG_WARN__DUPLICATE_METHOD_MATCH = YES;
				COPY_PHASE_STRIP = NO;
				DEBUG_INFORMATION_FORMAT = "dwarf-with-dsym";
				ENABLE_NS_ASSERTIONS = NO;
				ENABLE_STRICT_OBJC_MSGSEND = YES;
				GCC_C_LANGUAGE_STANDARD = gnu11;
				GCC_NO_COMMON_BLOCKS = YES;
				GCC_WARN_64_TO_32_BIT_CONVERSION = YES;
				GCC_WARN_ABOUT_RETURN_TYPE = YES_ERROR;
				GCC_WARN_UNDECLARED_SELECTOR = YES;
				GCC_WARN_UNINITIALIZED_AUTOS = YES_AGGRESSIVE;
				GCC_WARN_UNUSED_FUNCTION = YES;
				GCC_WARN_UNUSED_VARIABLE = YES;
				IPHONEOS_DEPLOYMENT_TARGET = 15.4;
				MTL_ENABLE_DEBUG_INFO = NO;
				MTL_FAST_MATH = YES;
				SDKROOT = iphoneos;
				SWIFT_COMPILATION_MODE = wholemodule;
				SWIFT_OPTIMIZATION_LEVEL = "-O";
				VALIDATE_PRODUCT = YES;
			};
			name = Release;
		};
		3F5FB6BC27F48002001993EB /* Debug */ = {
			isa = XCBuildConfiguration;
			baseConfigurationReference = FF29FEB85DD667F7814A092D /* Pods-BlogApp.debug.xcconfig */;
			buildSettings = {
				ASSETCATALOG_COMPILER_APPICON_NAME = AppIcon;
				ASSETCATALOG_COMPILER_GLOBAL_ACCENT_COLOR_NAME = AccentColor;
				CODE_SIGN_STYLE = Automatic;
				CURRENT_PROJECT_VERSION = 1;
				DEVELOPMENT_TEAM = 6P9DVHVRR7;
				GENERATE_INFOPLIST_FILE = YES;
				INFOPLIST_FILE = BlogApp/Info.plist;
				INFOPLIST_KEY_UIApplicationSupportsIndirectInputEvents = YES;
				INFOPLIST_KEY_UILaunchStoryboardName = LaunchScreen;
				INFOPLIST_KEY_UISupportedInterfaceOrientations = UIInterfaceOrientationPortrait;
				INFOPLIST_KEY_UISupportedInterfaceOrientations_iPad = "UIInterfaceOrientationPortrait UIInterfaceOrientationPortraitUpsideDown UIInterfaceOrientationLandscapeLeft UIInterfaceOrientationLandscapeRight";
				INFOPLIST_KEY_UISupportedInterfaceOrientations_iPhone = "UIInterfaceOrientationPortrait UIInterfaceOrientationLandscapeLeft UIInterfaceOrientationLandscapeRight";
				LD_RUNPATH_SEARCH_PATHS = (
					"$(inherited)",
					"@executable_path/Frameworks",
				);
				MARKETING_VERSION = 1.0;
				PRODUCT_BUNDLE_IDENTIFIER = com.my0366.BlogApp;
				PRODUCT_NAME = "$(TARGET_NAME)";
				SWIFT_EMIT_LOC_STRINGS = YES;
				SWIFT_VERSION = 5.0;
				TARGETED_DEVICE_FAMILY = 1;
			};
			name = Debug;
		};
		3F5FB6BD27F48002001993EB /* Release */ = {
			isa = XCBuildConfiguration;
			baseConfigurationReference = B1DD7B2143C47383D934D01C /* Pods-BlogApp.release.xcconfig */;
			buildSettings = {
				ASSETCATALOG_COMPILER_APPICON_NAME = AppIcon;
				ASSETCATALOG_COMPILER_GLOBAL_ACCENT_COLOR_NAME = AccentColor;
				CODE_SIGN_STYLE = Automatic;
				CURRENT_PROJECT_VERSION = 1;
				DEVELOPMENT_TEAM = 6P9DVHVRR7;
				GENERATE_INFOPLIST_FILE = YES;
				INFOPLIST_FILE = BlogApp/Info.plist;
				INFOPLIST_KEY_UIApplicationSupportsIndirectInputEvents = YES;
				INFOPLIST_KEY_UILaunchStoryboardName = LaunchScreen;
				INFOPLIST_KEY_UISupportedInterfaceOrientations = UIInterfaceOrientationPortrait;
				INFOPLIST_KEY_UISupportedInterfaceOrientations_iPad = "UIInterfaceOrientationPortrait UIInterfaceOrientationPortraitUpsideDown UIInterfaceOrientationLandscapeLeft UIInterfaceOrientationLandscapeRight";
				INFOPLIST_KEY_UISupportedInterfaceOrientations_iPhone = "UIInterfaceOrientationPortrait UIInterfaceOrientationLandscapeLeft UIInterfaceOrientationLandscapeRight";
				LD_RUNPATH_SEARCH_PATHS = (
					"$(inherited)",
					"@executable_path/Frameworks",
				);
				MARKETING_VERSION = 1.0;
				PRODUCT_BUNDLE_IDENTIFIER = com.my0366.BlogApp;
				PRODUCT_NAME = "$(TARGET_NAME)";
				SWIFT_EMIT_LOC_STRINGS = YES;
				SWIFT_VERSION = 5.0;
				TARGETED_DEVICE_FAMILY = 1;
			};
			name = Release;
		};
/* End XCBuildConfiguration section */

/* Begin XCConfigurationList section */
		3F5FB6A227F48001001993EB /* Build configuration list for PBXProject "BlogApp" */ = {
			isa = XCConfigurationList;
			buildConfigurations = (
				3F5FB6B927F48002001993EB /* Debug */,
				3F5FB6BA27F48002001993EB /* Release */,
			);
			defaultConfigurationIsVisible = 0;
			defaultConfigurationName = Release;
		};
		3F5FB6BB27F48002001993EB /* Build configuration list for PBXNativeTarget "BlogApp" */ = {
			isa = XCConfigurationList;
			buildConfigurations = (
				3F5FB6BC27F48002001993EB /* Debug */,
				3F5FB6BD27F48002001993EB /* Release */,
			);
			defaultConfigurationIsVisible = 0;
			defaultConfigurationName = Release;
		};
/* End XCConfigurationList section */
	};
	rootObject = 3F5FB69F27F48001001993EB /* Project object */;
}
